
Microsoft Visual Studio Solution File, Format Version 12.00
# Visual Studio Version 16
VisualStudioVersion = 16.0.30406.217
MinimumVisualStudioVersion = 10.0.40219.1
Project("{2150E333-8FDC-42A3-9474-1A3956D46DE8}") = "NetFramework", "NetFramework", "{4AB993F4-E31E-4BCB-ACAE-908C8FA347B8}"
EndProject
Project("{2150E333-8FDC-42A3-9474-1A3956D46DE8}") = "NetCore", "NetCore", "{48BF5140-9203-448E-8DA7-9958352FC222}"
EndProject
Project("{FAE04EC0-301F-11D3-BF4B-00C04F79EFBC}") = "AzwJsonLocalization", "AzwJsonLocalization\AzwJsonLocalization.csproj", "{4DA7CEDB-C7BF-4282-9C41-8CBD79E13E1F}"
EndProject
Global
	GlobalSection(SolutionConfigurationPlatforms) = preSolution
		Debug|Any CPU = Debug|Any CPU
		Release|Any CPU = Release|Any CPU
	EndGlobalSection
	GlobalSection(ProjectConfigurationPlatforms) = postSolution
		{4DA7CEDB-C7BF-4282-9C41-8CBD79E13E1F}.Debug|Any CPU.ActiveCfg = Debug|Any CPU
		{4DA7CEDB-C7BF-4282-9C41-8CBD79E13E1F}.Debug|Any CPU.Build.0 = Debug|Any CPU
		{4DA7CEDB-C7BF-4282-9C41-8CBD79E13E1F}.Release|Any CPU.ActiveCfg = Release|Any CPU
		{4DA7CEDB-C7BF-4282-9C41-8CBD79E13E1F}.Release|Any CPU.Build.0 = Release|Any CPU
	EndGlobalSection
	GlobalSection(SolutionProperties) = preSolution
		HideSolutionNode = FALSE
	EndGlobalSection
	GlobalSection(ExtensibilityGlobals) = postSolution
		SolutionGuid = {C3B2BC60-F568-405B-88A0-CFC0790FF3AA}
	EndGlobalSection
EndGlobal
