
Microsoft Visual Studio Solution File, Format Version 12.00
# Visual Studio Version 16
VisualStudioVersion = 16.0.30406.217
MinimumVisualStudioVersion = 10.0.40219.1
Project("{2150E333-8FDC-42A3-9474-1A3956D46DE8}") = "NetCore", "NetCore", "{48BF5140-9203-448E-8DA7-9958352FC222}"
EndProject
Project("{9A19103F-16F7-4668-BE54-9A1E7A4F7556}") = "AzwJsonLocalization", "AzwJsonLocalization\AzwJsonLocalization.csproj", "{4DA7CEDB-C7BF-4282-9C41-8CBD79E13E1F}"
EndProject
Project("{2150E333-8FDC-42A3-9474-1A3956D46DE8}") = "Solution Items", "Solution Items", "{3504718A-3330-4DA3-8E20-4CD464380CA8}"
	ProjectSection(SolutionItems) = preProject
		README.md = README.md
	EndProjectSection
EndProject
Project("{9A19103F-16F7-4668-BE54-9A1E7A4F7556}") = "NetCoreWpfLocDemo", "NetCore\NetCoreWpfLocDemo\NetCoreWpfLocDemo.csproj", "{4FB5030D-1CF7-4441-886F-CF1516B529FD}"
EndProject
Project("{9A19103F-16F7-4668-BE54-9A1E7A4F7556}") = "NetCoreWinFormLocDemo", "NetCore\NetCoreWinFormLocDemo\NetCoreWinFormLocDemo.csproj", "{16DBD26A-3F1B-4860-99E1-9C633A81F5D1}"
EndProject
Project("{FAE04EC0-301F-11D3-BF4B-00C04F79EFBC}") = "AzwJsonLocalization.Editor", "AzwJsonLocalization.Editor\AzwJsonLocalization.Editor.csproj", "{DC20B00B-7413-413F-B6E3-92607D4958D5}"
EndProject
Global
	GlobalSection(SolutionConfigurationPlatforms) = preSolution
		Debug|Any CPU = Debug|Any CPU
		Release|Any CPU = Release|Any CPU
	EndGlobalSection
	GlobalSection(ProjectConfigurationPlatforms) = postSolution
		{4DA7CEDB-C7BF-4282-9C41-8CBD79E13E1F}.Debug|Any CPU.ActiveCfg = Debug|Any CPU
		{4DA7CEDB-C7BF-4282-9C41-8CBD79E13E1F}.Debug|Any CPU.Build.0 = Debug|Any CPU
		{4DA7CEDB-C7BF-4282-9C41-8CBD79E13E1F}.Release|Any CPU.ActiveCfg = Release|Any CPU
		{4DA7CEDB-C7BF-4282-9C41-8CBD79E13E1F}.Release|Any CPU.Build.0 = Release|Any CPU
		{4FB5030D-1CF7-4441-886F-CF1516B529FD}.Debug|Any CPU.ActiveCfg = Debug|Any CPU
		{4FB5030D-1CF7-4441-886F-CF1516B529FD}.Debug|Any CPU.Build.0 = Debug|Any CPU
		{4FB5030D-1CF7-4441-886F-CF1516B529FD}.Release|Any CPU.ActiveCfg = Release|Any CPU
		{4FB5030D-1CF7-4441-886F-CF1516B529FD}.Release|Any CPU.Build.0 = Release|Any CPU
		{16DBD26A-3F1B-4860-99E1-9C633A81F5D1}.Debug|Any CPU.ActiveCfg = Debug|Any CPU
		{16DBD26A-3F1B-4860-99E1-9C633A81F5D1}.Debug|Any CPU.Build.0 = Debug|Any CPU
		{16DBD26A-3F1B-4860-99E1-9C633A81F5D1}.Release|Any CPU.ActiveCfg = Release|Any CPU
		{16DBD26A-3F1B-4860-99E1-9C633A81F5D1}.Release|Any CPU.Build.0 = Release|Any CPU
		{DC20B00B-7413-413F-B6E3-92607D4958D5}.Debug|Any CPU.ActiveCfg = Debug|Any CPU
		{DC20B00B-7413-413F-B6E3-92607D4958D5}.Debug|Any CPU.Build.0 = Debug|Any CPU
		{DC20B00B-7413-413F-B6E3-92607D4958D5}.Release|Any CPU.ActiveCfg = Release|Any CPU
		{DC20B00B-7413-413F-B6E3-92607D4958D5}.Release|Any CPU.Build.0 = Release|Any CPU
	EndGlobalSection
	GlobalSection(SolutionProperties) = preSolution
		HideSolutionNode = FALSE
	EndGlobalSection
	GlobalSection(NestedProjects) = preSolution
		{4FB5030D-1CF7-4441-886F-CF1516B529FD} = {48BF5140-9203-448E-8DA7-9958352FC222}
		{16DBD26A-3F1B-4860-99E1-9C633A81F5D1} = {48BF5140-9203-448E-8DA7-9958352FC222}
	EndGlobalSection
	GlobalSection(ExtensibilityGlobals) = postSolution
		SolutionGuid = {C3B2BC60-F568-405B-88A0-CFC0790FF3AA}
	EndGlobalSection
EndGlobal
